
Microsoft Visual Studio Solution File, Format Version 12.00
# Visual Studio Version 16
VisualStudioVersion = 16.0.31624.102
MinimumVisualStudioVersion = 10.0.40219.1
Project("{FAE04EC0-301F-11D3-BF4B-00C04F79EFBC}") = "MediaTek86", "MediaTek86\MediaTek86.csproj", "{0FF53955-0195-4E54-994D-9B1E6463D937}"
EndProject
Global
	GlobalSection(SolutionConfigurationPlatforms) = preSolution
		Debug|Any CPU = Debug|Any CPU
		Release|Any CPU = Release|Any CPU
	EndGlobalSection
	GlobalSection(ProjectConfigurationPlatforms) = postSolution
		{0FF53955-0195-4E54-994D-9B1E6463D937}.Debug|Any CPU.ActiveCfg = Debug|Any CPU
		{0FF53955-0195-4E54-994D-9B1E6463D937}.Debug|Any CPU.Build.0 = Debug|Any CPU
		{0FF53955-0195-4E54-994D-9B1E6463D937}.Release|Any CPU.ActiveCfg = Release|Any CPU
		{0FF53955-0195-4E54-994D-9B1E6463D937}.Release|Any CPU.Build.0 = Release|Any CPU
	EndGlobalSection
	GlobalSection(SolutionProperties) = preSolution
		HideSolutionNode = FALSE
	EndGlobalSection
	GlobalSection(ExtensibilityGlobals) = postSolution
		SolutionGuid = {800A3E5A-F3EE-4D80-83DD-04E9304D4513}
	EndGlobalSection
EndGlobal
